
Microsoft Visual Studio Solution File, Format Version 12.00
# Visual Studio Version 17
VisualStudioVersion = 17.8.34408.163
MinimumVisualStudioVersion = 10.0.40219.1
Project("{FAE04EC0-301F-11D3-BF4B-00C04F79EFBC}") = "Tarea2 ED", "Tarea2 ED.csproj", "{67B6F5DD-728E-446A-BF48-7A3EBA54EAE3}"
EndProject
Global
	GlobalSection(SolutionConfigurationPlatforms) = preSolution
		Debug|Any CPU = Debug|Any CPU
		Release|Any CPU = Release|Any CPU
	EndGlobalSection
	GlobalSection(ProjectConfigurationPlatforms) = postSolution
		{67B6F5DD-728E-446A-BF48-7A3EBA54EAE3}.Debug|Any CPU.ActiveCfg = Debug|Any CPU
		{67B6F5DD-728E-446A-BF48-7A3EBA54EAE3}.Debug|Any CPU.Build.0 = Debug|Any CPU
		{67B6F5DD-728E-446A-BF48-7A3EBA54EAE3}.Release|Any CPU.ActiveCfg = Release|Any CPU
		{67B6F5DD-728E-446A-BF48-7A3EBA54EAE3}.Release|Any CPU.Build.0 = Release|Any CPU
	EndGlobalSection
	GlobalSection(SolutionProperties) = preSolution
		HideSolutionNode = FALSE
	EndGlobalSection
	GlobalSection(ExtensibilityGlobals) = postSolution
		SolutionGuid = {C91A1638-DF82-40F9-A8CB-270862F6980B}
	EndGlobalSection
EndGlobal
